
Microsoft Visual Studio Solution File, Format Version 12.00
# Visual Studio Version 16
VisualStudioVersion = 16.0.30907.101
MinimumVisualStudioVersion = 10.0.40219.1
Project("{F184B08F-C81C-45F6-A57F-5ABD9991F28F}") = "DemoForGithub", "DemoForGithub\DemoForGithub.vbproj", "{5077866E-2BE3-4FE1-928A-F5529356E6B0}"
EndProject
Global
	GlobalSection(SolutionConfigurationPlatforms) = preSolution
		Debug|Any CPU = Debug|Any CPU
		Release|Any CPU = Release|Any CPU
	EndGlobalSection
	GlobalSection(ProjectConfigurationPlatforms) = postSolution
		{5077866E-2BE3-4FE1-928A-F5529356E6B0}.Debug|Any CPU.ActiveCfg = Debug|Any CPU
		{5077866E-2BE3-4FE1-928A-F5529356E6B0}.Debug|Any CPU.Build.0 = Debug|Any CPU
		{5077866E-2BE3-4FE1-928A-F5529356E6B0}.Release|Any CPU.ActiveCfg = Release|Any CPU
		{5077866E-2BE3-4FE1-928A-F5529356E6B0}.Release|Any CPU.Build.0 = Release|Any CPU
	EndGlobalSection
	GlobalSection(SolutionProperties) = preSolution
		HideSolutionNode = FALSE
	EndGlobalSection
	GlobalSection(ExtensibilityGlobals) = postSolution
		SolutionGuid = {76144B81-7C94-4C46-9A96-365794E597F9}
	EndGlobalSection
EndGlobal
